{
 "name": "p",
 "lockfileVersion": 3,
 "packages": {
  "": {
   "workspaces": [
    "packages/*"
   ]
  },
  "node_modules/my-workspace": {
   "resolved": "packages/my-workspace",
   "link": true
  },
  "packages/my-workspace": {
   "name": "my-workspace",
   "version": "1.0.0",
   "dependencies": {}
  },
  "packages/other-ws": {
   "name": "other-ws",
   "version": "0.0.1"
  }
 }
}