# THIS IS AN AUTOGENERATED FILE. DO NOT EDIT THIS FILE DIRECTLY.
# yarn lockfile v1


"foo@npm:is-number@7.0.0":
  version "7.0.0"
  resolved "https://registry.yarnpkg.com/is-number/-/is-number-7.0.0.tgz#7535345b896734d5f80c4d06c50955527a14f12b"
  integrity sha512-41Cifkg6e8TylSpdtTpeLVMqvSBEVzTttHvERD741+pnZ8ANv0004MRL43QKPDlK9cGvNp6NZWZUBlbGXYxxng==

fresh@1.0.0:
  version "1.0.0"
  resolved "https://registry.yarnpkg.com/fresh/-/fresh-1.0.0.tgz#95336eef8f1419546bec657ebaa3f8cef48d3b8b"
  integrity sha512-CXbd7Pq2ZU4uK2K8pIsduMqFH27c6DhruWq42tmJjQ5a3ouq1pZNjdSOaYuT2Vx2UpU6st5Cx9ye0GWnnMMnSg==

"has-flag@https://registry.npmjs.org/has-flag/-/has-flag-3.0.0.tgz":
  version "3.0.0"
  resolved "https://registry.npmjs.org/has-flag/-/has-flag-3.0.0.tgz#b5d454dc2199ae225699f3467e5a07f3b955bafd"

"left-pad@github:stevemao/left-pad#v1.3.0":
  version "1.3.0"
  resolved "https://codeload.github.com/stevemao/left-pad/tar.gz/ff8e7ba8b4122829cf66125ca8445cac7f073bce"

"local-lib@file:./local-lib":
  version "2.0.0"

ms@2.1.3:
  version "2.1.3"
  resolved "https://registry.yarnpkg.com/ms/-/ms-2.1.3.tgz#574c8138ce1d2b5861f0b44579dbadd60c6615b2"
  integrity sha512-6FlzubTLZG3J2a/NVCAleEhjzq5oxgHyaCU9yYXvcLsvoVaHJq/s5xXI6/XXP6tz7R9xAOtHnSO/tXtF3WRTlA==
